<?xml version="1.0" encoding="UTF-8"?>
<Scheme
   version = "1.3">
   <BuildAction>
      <BuildActionEntries>
         <BuildActionEntry
            buildForRunning = "YES">
            <BuildableReference
               BuildableIdentifier = "primary"
               BlueprintIdentifier = "510E76A423C23ABF007F0AA7"
               BuildableName = "Install Live Enhancement Suite.app"
               BlueprintName = "Install Live Enhancement Suite"
               ReferencedContainer = "container:Install Live Enhancement Suite.xcodeproj">
            </BuildableReference>
         </BuildActionEntry>
      </BuildActionEntries>
   </BuildAction>
   <LaunchAction
      useCustomWorkingDirectory = "NO"
      buildConfiguration = "Debug"
      allowLocationSimulation = "YES">
      <BuildableProductRunnable>
         <BuildableReference
            BuildableIdentifier = "primary"
            BlueprintIdentifier = "510E76A423C23ABF007F0AA7"
            BuildableName = "Install Live Enhancement Suite.app"
            BlueprintName = "Install Live Enhancement Suite"
            ReferencedContainer = "container:Install Live Enhancement Suite.xcodeproj">
         </BuildableReference>
      </BuildableProductRunnable>
   </LaunchAction>
</Scheme>
